
Microsoft Visual Studio Solution File, Format Version 12.00
# Visual Studio Version 17
VisualStudioVersion = 17.0.31919.166
MinimumVisualStudioVersion = 10.0.40219.1
Project("{FAE04EC0-301F-11D3-BF4B-00C04F79EFBC}") = "TDDMicroExercises", "TDDMicroExercises.csproj", "{BBCF3C67-8E31-48E3-AD2E-8C605E2E07BE}"
EndProject
Project("{FAE04EC0-301F-11D3-BF4B-00C04F79EFBC}") = "TirePressureMonitoringSystem.Tests", "..\Tests\TirePressureMonitoringSystem.Tests\TirePressureMonitoringSystem.Tests.csproj", "{09E0E11D-64ED-4118-B011-82762ACA78D2}"
EndProject
Global
	GlobalSection(SolutionConfigurationPlatforms) = preSolution
		Debug|Any CPU = Debug|Any CPU
		Release|Any CPU = Release|Any CPU
	EndGlobalSection
	GlobalSection(ProjectConfigurationPlatforms) = postSolution
		{BBCF3C67-8E31-48E3-AD2E-8C605E2E07BE}.Debug|Any CPU.ActiveCfg = Debug|Any CPU
		{BBCF3C67-8E31-48E3-AD2E-8C605E2E07BE}.Debug|Any CPU.Build.0 = Debug|Any CPU
		{BBCF3C67-8E31-48E3-AD2E-8C605E2E07BE}.Release|Any CPU.ActiveCfg = Release|Any CPU
		{BBCF3C67-8E31-48E3-AD2E-8C605E2E07BE}.Release|Any CPU.Build.0 = Release|Any CPU
		{09E0E11D-64ED-4118-B011-82762ACA78D2}.Debug|Any CPU.ActiveCfg = Debug|Any CPU
		{09E0E11D-64ED-4118-B011-82762ACA78D2}.Debug|Any CPU.Build.0 = Debug|Any CPU
		{09E0E11D-64ED-4118-B011-82762ACA78D2}.Release|Any CPU.ActiveCfg = Release|Any CPU
		{09E0E11D-64ED-4118-B011-82762ACA78D2}.Release|Any CPU.Build.0 = Release|Any CPU
	EndGlobalSection
	GlobalSection(SolutionProperties) = preSolution
		HideSolutionNode = FALSE
	EndGlobalSection
	GlobalSection(ExtensibilityGlobals) = postSolution
		SolutionGuid = {32692910-6B8C-4118-A482-38391C69F5AB}
	EndGlobalSection
EndGlobal
